
Microsoft Visual Studio Solution File, Format Version 12.00
# Visual Studio Version 17
VisualStudioVersion = 17.9.34407.89
MinimumVisualStudioVersion = 10.0.40219.1
Project("{FAE04EC0-301F-11D3-BF4B-00C04F79EFBC}") = "DecouplingMessageBroker", "DecouplingMessageBroker.csproj", "{33E9DBE4-D924-4AC5-86CE-D7FF4A768895}"
EndProject
Project("{FAE04EC0-301F-11D3-BF4B-00C04F79EFBC}") = "Framework", "..\Framework\Framework.csproj", "{F2BF852A-D9DF-4706-B5AA-E4DA7AECC1CC}"
EndProject
Project("{FAE04EC0-301F-11D3-BF4B-00C04F79EFBC}") = "Framework.Test", "..\Framework.Test\Framework.Test.csproj", "{09CC31EB-26D8-4DE0-90DA-82D36C9DA9B8}"
EndProject
Global
	GlobalSection(SolutionConfigurationPlatforms) = preSolution
		Debug|Any CPU = Debug|Any CPU
		Release|Any CPU = Release|Any CPU
	EndGlobalSection
	GlobalSection(ProjectConfigurationPlatforms) = postSolution
		{33E9DBE4-D924-4AC5-86CE-D7FF4A768895}.Debug|Any CPU.ActiveCfg = Debug|Any CPU
		{33E9DBE4-D924-4AC5-86CE-D7FF4A768895}.Debug|Any CPU.Build.0 = Debug|Any CPU
		{33E9DBE4-D924-4AC5-86CE-D7FF4A768895}.Release|Any CPU.ActiveCfg = Release|Any CPU
		{33E9DBE4-D924-4AC5-86CE-D7FF4A768895}.Release|Any CPU.Build.0 = Release|Any CPU
		{F2BF852A-D9DF-4706-B5AA-E4DA7AECC1CC}.Debug|Any CPU.ActiveCfg = Debug|Any CPU
		{F2BF852A-D9DF-4706-B5AA-E4DA7AECC1CC}.Debug|Any CPU.Build.0 = Debug|Any CPU
		{F2BF852A-D9DF-4706-B5AA-E4DA7AECC1CC}.Release|Any CPU.ActiveCfg = Release|Any CPU
		{F2BF852A-D9DF-4706-B5AA-E4DA7AECC1CC}.Release|Any CPU.Build.0 = Release|Any CPU
		{09CC31EB-26D8-4DE0-90DA-82D36C9DA9B8}.Debug|Any CPU.ActiveCfg = Debug|Any CPU
		{09CC31EB-26D8-4DE0-90DA-82D36C9DA9B8}.Debug|Any CPU.Build.0 = Debug|Any CPU
		{09CC31EB-26D8-4DE0-90DA-82D36C9DA9B8}.Release|Any CPU.ActiveCfg = Release|Any CPU
		{09CC31EB-26D8-4DE0-90DA-82D36C9DA9B8}.Release|Any CPU.Build.0 = Release|Any CPU
	EndGlobalSection
	GlobalSection(SolutionProperties) = preSolution
		HideSolutionNode = FALSE
	EndGlobalSection
	GlobalSection(ExtensibilityGlobals) = postSolution
		SolutionGuid = {BA60E238-BE80-4BFC-ABF1-A267CDC4C192}
	EndGlobalSection
EndGlobal
